// !$*UTF8*$!
{
	archiveVersion = 1;
	classes = {
	};
	objectVersion = 50;
	objects = {

/* Begin PBXBuildFile section */
		69340A742313AB48008FB3A0 /* FirstScreenViewController.swift in Sources */ = {isa = PBXBuildFile; fileRef = 69340A732313AB48008FB3A0 /* FirstScreenViewController.swift */; };
		69EA710E22FB8700008EE760 /* menuData.swift in Sources */ = {isa = PBXBuildFile; fileRef = 69EA710D22FB8700008EE760 /* menuData.swift */; };
		69FFA2CB22FA68E900C778F7 /* AppDelegate.swift in Sources */ = {isa = PBXBuildFile; fileRef = 69FFA2CA22FA68E900C778F7 /* AppDelegate.swift */; };
		69FFA2CD22FA68E900C778F7 /* ViewController.swift in Sources */ = {isa = PBXBuildFile; fileRef = 69FFA2CC22FA68E900C778F7 /* ViewController.swift */; };
		69FFA2D022FA68E900C778F7 /* Main.storyboard in Resources */ = {isa = PBXBuildFile; fileRef = 69FFA2CE22FA68E900C778F7 /* Main.storyboard */; };
		69FFA2D322FA68E900C778F7 /* CanephoraMenu.xcdatamodeld in Sources */ = {isa = PBXBuildFile; fileRef = 69FFA2D122FA68E900C778F7 /* CanephoraMenu.xcdatamodeld */; };
		69FFA2D522FA68EA00C778F7 /* Assets.xcassets in Resources */ = {isa = PBXBuildFile; fileRef = 69FFA2D422FA68EA00C778F7 /* Assets.xcassets */; };
		69FFA2D822FA68EA00C778F7 /* LaunchScreen.storyboard in Resources */ = {isa = PBXBuildFile; fileRef = 69FFA2D622FA68EA00C778F7 /* LaunchScreen.storyboard */; };
/* End PBXBuildFile section */

/* Begin PBXFileReference section */
		69340A732313AB48008FB3A0 /* FirstScreenViewController.swift */ = {isa = PBXFileReference; lastKnownFileType = sourcecode.swift; path = FirstScreenViewController.swift; sourceTree = "<group>"; };
		69EA710D22FB8700008EE760 /* menuData.swift */ = {isa = PBXFileReference; lastKnownFileType = sourcecode.swift; path = menuData.swift; sourceTree = "<group>"; };
		69FFA2C722FA68E900C778F7 /* CanephoraMenu.app */ = {isa = PBXFileReference; explicitFileType = wrapper.application; includeInIndex = 0; path = CanephoraMenu.app; sourceTree = BUILT_PRODUCTS_DIR; };
		69FFA2CA22FA68E900C778F7 /* AppDelegate.swift */ = {isa = PBXFileReference; lastKnownFileType = sourcecode.swift; path = AppDelegate.swift; sourceTree = "<group>"; };
		69FFA2CC22FA68E900C778F7 /* ViewController.swift */ = {isa = PBXFileReference; lastKnownFileType = sourcecode.swift; path = ViewController.swift; sourceTree = "<group>"; };
		69FFA2CF22FA68E900C778F7 /* Base */ = {isa = PBXFileReference; lastKnownFileType = file.storyboard; name = Base; path = Base.lproj/Main.storyboard; sourceTree = "<group>"; };
		69FFA2D222FA68E900C778F7 /* CanephoraMenu.xcdatamodel */ = {isa = PBXFileReference; lastKnownFileType = wrapper.xcdatamodel; path = CanephoraMenu.xcdatamodel; sourceTree = "<group>"; };
		69FFA2D422FA68EA00C778F7 /* Assets.xcassets */ = {isa = PBXFileReference; lastKnownFileType = folder.assetcatalog; path = Assets.xcassets; sourceTree = "<group>"; };
		69FFA2D722FA68EA00C778F7 /* Base */ = {isa = PBXFileReference; lastKnownFileType = file.storyboard; name = Base; path = Base.lproj/LaunchScreen.storyboard; sourceTree = "<group>"; };
		69FFA2D922FA68EA00C778F7 /* Info.plist */ = {isa = PBXFileReference; lastKnownFileType = text.plist.xml; path = Info.plist; sourceTree = "<group>"; };
/* End PBXFileReference section */

/* Begin PBXFrameworksBuildPhase section */
		69FFA2C422FA68E900C778F7 /* Frameworks */ = {
			isa = PBXFrameworksBuildPhase;
			buildActionMask = 2147483647;
			files = (
			);
			runOnlyForDeploymentPostprocessing = 0;
		};
/* End PBXFrameworksBuildPhase section */

/* Begin PBXGroup section */
		69EA710A22FB86AA008EE760 /* Model */ = {
			isa = PBXGroup;
			children = (
				69EA710D22FB8700008EE760 /* menuData.swift */,
			);
			path = Model;
			sourceTree = "<group>";
		};
		69EA710B22FB86B3008EE760 /* View */ = {
			isa = PBXGroup;
			children = (
				69FFA2CE22FA68E900C778F7 /* Main.storyboard */,
				69FFA2D622FA68EA00C778F7 /* LaunchScreen.storyboard */,
			);
			path = View;
			sourceTree = "<group>";
		};
		69EA710C22FB86C2008EE760 /* Controller */ = {
			isa = PBXGroup;
			children = (
				69FFA2CC22FA68E900C778F7 /* ViewController.swift */,
				69340A732313AB48008FB3A0 /* FirstScreenViewController.swift */,
			);
			path = Controller;
			sourceTree = "<group>";
		};
		69FFA2BE22FA68E900C778F7 = {
			isa = PBXGroup;
			children = (
				69FFA2C922FA68E900C778F7 /* CanephoraMenu */,
				69FFA2C822FA68E900C778F7 /* Products */,
			);
			sourceTree = "<group>";
		};
		69FFA2C822FA68E900C778F7 /* Products */ = {
			isa = PBXGroup;
			children = (
				69FFA2C722FA68E900C778F7 /* CanephoraMenu.app */,
			);
			name = Products;
			sourceTree = "<group>";
		};
		69FFA2C922FA68E900C778F7 /* CanephoraMenu */ = {
			isa = PBXGroup;
			children = (
				69EA710A22FB86AA008EE760 /* Model */,
				69EA710C22FB86C2008EE760 /* Controller */,
				69EA710B22FB86B3008EE760 /* View */,
				69FFA2D422FA68EA00C778F7 /* Assets.xcassets */,
				69FFA2CA22FA68E900C778F7 /* AppDelegate.swift */,
				69FFA2D922FA68EA00C778F7 /* Info.plist */,
				69FFA2D122FA68E900C778F7 /* CanephoraMenu.xcdatamodeld */,
			);
			path = CanephoraMenu;
			sourceTree = "<group>";
		};
/* End PBXGroup section */

/* Begin PBXNativeTarget section */
		69FFA2C622FA68E900C778F7 /* CanephoraMenu */ = {
			isa = PBXNativeTarget;
			buildConfigurationList = 69FFA2DC22FA68EA00C778F7 /* Build configuration list for PBXNativeTarget "CanephoraMenu" */;
			buildPhases = (
				69FFA2C322FA68E900C778F7 /* Sources */,
				69FFA2C422FA68E900C778F7 /* Frameworks */,
				69FFA2C522FA68E900C778F7 /* Resources */,
			);
			buildRules = (
			);
			dependencies = (
			);
			name = CanephoraMenu;
			productName = CanephoraMenu;
			productReference = 69FFA2C722FA68E900C778F7 /* CanephoraMenu.app */;
			productType = "com.apple.product-type.application";
		};
/* End PBXNativeTarget section */

/* Begin PBXProject section */
		69FFA2BF22FA68E900C778F7 /* Project object */ = {
			isa = PBXProject;
			attributes = {
				LastSwiftUpdateCheck = 1030;
				LastUpgradeCheck = 1030;
				ORGANIZATIONNAME = "Jay Shin";
				TargetAttributes = {
					69FFA2C622FA68E900C778F7 = {
						CreatedOnToolsVersion = 10.3;
					};
				};
			};
			buildConfigurationList = 69FFA2C222FA68E900C778F7 /* Build configuration list for PBXProject "CanephoraMenu" */;
			compatibilityVersion = "Xcode 9.3";
			developmentRegion = en;
			hasScannedForEncodings = 0;
			knownRegions = (
				en,
				Base,
			);
			mainGroup = 69FFA2BE22FA68E900C778F7;
			productRefGroup = 69FFA2C822FA68E900C778F7 /* Products */;
			projectDirPath = "";
			projectRoot = "";
			targets = (
				69FFA2C622FA68E900C778F7 /* CanephoraMenu */,
			);
		};
/* End PBXProject section */

/* Begin PBXResourcesBuildPhase section */
		69FFA2C522FA68E900C778F7 /* Resources */ = {
			isa = PBXResourcesBuildPhase;
			buildActionMask = 2147483647;
			files = (
				69FFA2D822FA68EA00C778F7 /* LaunchScreen.storyboard in Resources */,
				69FFA2D522FA68EA00C778F7 /* Assets.xcassets in Resources */,
				69FFA2D022FA68E900C778F7 /* Main.storyboard in Resources */,
			);
			runOnlyForDeploymentPostprocessing = 0;
		};
/* End PBXResourcesBuildPhase section */

/* Begin PBXSourcesBuildPhase section */
		69FFA2C322FA68E900C778F7 /* Sources */ = {
			isa = PBXSourcesBuildPhase;
			buildActionMask = 2147483647;
			files = (
				69EA710E22FB8700008EE760 /* menuData.swift in Sources */,
				69FFA2CD22FA68E900C778F7 /* ViewController.swift in Sources */,
				69FFA2CB22FA68E900C778F7 /* AppDelegate.swift in Sources */,
				69FFA2D322FA68E900C778F7 /* CanephoraMenu.xcdatamodeld in Sources */,
				69340A742313AB48008FB3A0 /* FirstScreenViewController.swift in Sources */,
			);
			runOnlyForDeploymentPostprocessing = 0;
		};
/* End PBXSourcesBuildPhase section */

/* Begin PBXVariantGroup section */
		69FFA2CE22FA68E900C778F7 /* Main.storyboard */ = {
			isa = PBXVariantGroup;
			children = (
				69FFA2CF22FA68E900C778F7 /* Base */,
			);
			name = Main.storyboard;
			sourceTree = "<group>";
		};
		69FFA2D622FA68EA00C778F7 /* LaunchScreen.storyboard */ = {
			isa = PBXVariantGroup;
			children = (
				69FFA2D722FA68EA00C778F7 /* Base */,
			);
			name = LaunchScreen.storyboard;
			sourceTree = "<group>";
		};
/* End PBXVariantGroup section */

/* Begin XCBuildConfiguration section */
		69FFA2DA22FA68EA00C778F7 /* Debug */ = {
			isa = XCBuildConfiguration;
			buildSettings = {
				ALWAYS_SEARCH_USER_PATHS = NO;
				CLANG_ANALYZER_NONNULL = YES;
				CLANG_ANALYZER_NUMBER_OBJECT_CONVERSION = YES_AGGRESSIVE;
				CLANG_CXX_LANGUAGE_STANDARD = "gnu++14";
				CLANG_CXX_LIBRARY = "libc++";
				CLANG_ENABLE_MODULES = YES;
				CLANG_ENABLE_OBJC_ARC = YES;
				CLANG_ENABLE_OBJC_WEAK = YES;
				CLANG_WARN_BLOCK_CAPTURE_AUTORELEASING = YES;
				CLANG_WARN_BOOL_CONVERSION = YES;
				CLANG_WARN_COMMA = YES;
				CLANG_WARN_CONSTANT_CONVERSION = YES;
				CLANG_WARN_DEPRECATED_OBJC_IMPLEMENTATIONS = YES;
				CLANG_WARN_DIRECT_OBJC_ISA_USAGE = YES_ERROR;
				CLANG_WARN_DOCUMENTATION_COMMENTS = YES;
				CLANG_WARN_EMPTY_BODY = YES;
				CLANG_WARN_ENUM_CONVERSION = YES;
				CLANG_WARN_INFINITE_RECURSION = YES;
				CLANG_WARN_INT_CONVERSION = YES;
				CLANG_WARN_NON_LITERAL_NULL_CONVERSION = YES;
				CLANG_WARN_OBJC_IMPLICIT_RETAIN_SELF = YES;
				CLANG_WARN_OBJC_LITERAL_CONVERSION = YES;
				CLANG_WARN_OBJC_ROOT_CLASS = YES_ERROR;
				CLANG_WARN_RANGE_LOOP_ANALYSIS = YES;
				CLANG_WARN_STRICT_PROTOTYPES = YES;
				CLANG_WARN_SUSPICIOUS_MOVE = YES;
				CLANG_WARN_UNGUARDED_AVAILABILITY = YES_AGGRESSIVE;
				CLANG_WARN_UNREACHABLE_CODE = YES;
				CLANG_WARN__DUPLICATE_METHOD_MATCH = YES;
				CODE_SIGN_IDENTITY = "iPhone Developer";
				COPY_PHASE_STRIP = NO;
				DEBUG_INFORMATION_FORMAT = dwarf;
				ENABLE_STRICT_OBJC_MSGSEND = YES;
				ENABLE_TESTABILITY = YES;
				GCC_C_LANGUAGE_STANDARD = gnu11;
				GCC_DYNAMIC_NO_PIC = NO;
				GCC_NO_COMMON_BLOCKS = YES;
				GCC_OPTIMIZATION_LEVEL = 0;
				GCC_PREPROCESSOR_DEFINITIONS = (
					"DEBUG=1",
					"$(inherited)",
				);
				GCC_WARN_64_TO_32_BIT_CONVERSION = YES;
				GCC_WARN_ABOUT_RETURN_TYPE = YES_ERROR;
				GCC_WARN_UNDECLARED_SELECTOR = YES;
				GCC_WARN_UNINITIALIZED_AUTOS = YES_AGGRESSIVE;
				GCC_WARN_UNUSED_FUNCTION = YES;
				GCC_WARN_UNUSED_VARIABLE = YES;
				IPHONEOS_DEPLOYMENT_TARGET = 12.4;
				MTL_ENABLE_DEBUG_INFO = INCLUDE_SOURCE;
				MTL_FAST_MATH = YES;
				ONLY_ACTIVE_ARCH = YES;
				SDKROOT = iphoneos;
				SWIFT_ACTIVE_COMPILATION_CONDITIONS = DEBUG;
				SWIFT_OPTIMIZATION_LEVEL = "-Onone";
			};
			name = Debug;
		};
		69FFA2DB22FA68EA00C778F7 /* Release */ = {
			isa = XCBuildConfiguration;
			buildSettings = {
				ALWAYS_SEARCH_USER_PATHS = NO;
				CLANG_ANALYZER_NONNULL = YES;
				CLANG_ANALYZER_NUMBER_OBJECT_CONVERSION = YES_AGGRESSIVE;
				CLANG_CXX_LANGUAGE_STANDARD = "gnu++14";
				CLANG_CXX_LIBRARY = "libc++";
				CLANG_ENABLE_MODULES = YES;
				CLANG_ENABLE_OBJC_ARC = YES;
				CLANG_ENABLE_OBJC_WEAK = YES;
				CLANG_WARN_BLOCK_CAPTURE_AUTORELEASING = YES;
				CLANG_WARN_BOOL_CONVERSION = YES;
				CLANG_WARN_COMMA = YES;
				CLANG_WARN_CONSTANT_CONVERSION = YES;
				CLANG_WARN_DEPRECATED_OBJC_IMPLEMENTATIONS = YES;
				CLANG_WARN_DIRECT_OBJC_ISA_USAGE = YES_ERROR;
				CLANG_WARN_DOCUMENTATION_COMMENTS = YES;
				CLANG_WARN_EMPTY_BODY = YES;
				CLANG_WARN_ENUM_CONVERSION = YES;
				CLANG_WARN_INFINITE_RECURSION = YES;
				CLANG_WARN_INT_CONVERSION = YES;
				CLANG_WARN_NON_LITERAL_NULL_CONVERSION = YES;
				CLANG_WARN_OBJC_IMPLICIT_RETAIN_SELF = YES;
				CLANG_WARN_OBJC_LITERAL_CONVERSION = YES;
				CLANG_WARN_OBJC_ROOT_CLASS = YES_ERROR;
				CLANG_WARN_RANGE_LOOP_ANALYSIS = YES;
				CLANG_WARN_STRICT_PROTOTYPES = YES;
				CLANG_WARN_SUSPICIOUS_MOVE = YES;
				CLANG_WARN_UNGUARDED_AVAILABILITY = YES_AGGRESSIVE;
				CLANG_WARN_UNREACHABLE_CODE = YES;
				CLANG_WARN__DUPLICATE_METHOD_MATCH = YES;
				CODE_SIGN_IDENTITY = "iPhone Developer";
				COPY_PHASE_STRIP = NO;
				DEBUG_INFORMATION_FORMAT = "dwarf-with-dsym";
				ENABLE_NS_ASSERTIONS = NO;
				ENABLE_STRICT_OBJC_MSGSEND = YES;
				GCC_C_LANGUAGE_STANDARD = gnu11;
				GCC_NO_COMMON_BLOCKS = YES;
				GCC_WARN_64_TO_32_BIT_CONVERSION = YES;
				GCC_WARN_ABOUT_RETURN_TYPE = YES_ERROR;
				GCC_WARN_UNDECLARED_SELECTOR = YES;
				GCC_WARN_UNINITIALIZED_AUTOS = YES_AGGRESSIVE;
				GCC_WARN_UNUSED_FUNCTION = YES;
				GCC_WARN_UNUSED_VARIABLE = YES;
				IPHONEOS_DEPLOYMENT_TARGET = 12.4;
				MTL_ENABLE_DEBUG_INFO = NO;
				MTL_FAST_MATH = YES;
				SDKROOT = iphoneos;
				SWIFT_COMPILATION_MODE = wholemodule;
				SWIFT_OPTIMIZATION_LEVEL = "-O";
				VALIDATE_PRODUCT = YES;
			};
			name = Release;
		};
		69FFA2DD22FA68EA00C778F7 /* Debug */ = {
			isa = XCBuildConfiguration;
			buildSettings = {
				ASSETCATALOG_COMPILER_APPICON_NAME = AppIcon;
				CODE_SIGN_STYLE = Automatic;
				DEVELOPMENT_TEAM = GZW87SBZ7C;
				INFOPLIST_FILE = CanephoraMenu/Info.plist;
				LD_RUNPATH_SEARCH_PATHS = (
					"$(inherited)",
					"@executable_path/Frameworks",
				);
				PRODUCT_BUNDLE_IDENTIFIER = com.JSapps.CanephoraMenu;
				PRODUCT_NAME = "$(TARGET_NAME)";
				SWIFT_VERSION = 5.0;
				TARGETED_DEVICE_FAMILY = 2;
			};
			name = Debug;
		};
		69FFA2DE22FA68EA00C778F7 /* Release */ = {
			isa = XCBuildConfiguration;
			buildSettings = {
				ASSETCATALOG_COMPILER_APPICON_NAME = AppIcon;
				CODE_SIGN_STYLE = Automatic;
				DEVELOPMENT_TEAM = GZW87SBZ7C;
				INFOPLIST_FILE = CanephoraMenu/Info.plist;
				LD_RUNPATH_SEARCH_PATHS = (
					"$(inherited)",
					"@executable_path/Frameworks",
				);
				PRODUCT_BUNDLE_IDENTIFIER = com.JSapps.CanephoraMenu;
				PRODUCT_NAME = "$(TARGET_NAME)";
				SWIFT_VERSION = 5.0;
				TARGETED_DEVICE_FAMILY = 2;
			};
			name = Release;
		};
/* End XCBuildConfiguration section */

/* Begin XCConfigurationList section */
		69FFA2C222FA68E900C778F7 /* Build configuration list for PBXProject "CanephoraMenu" */ = {
			isa = XCConfigurationList;
			buildConfigurations = (
				69FFA2DA22FA68EA00C778F7 /* Debug */,
				69FFA2DB22FA68EA00C778F7 /* Release */,
			);
			defaultConfigurationIsVisible = 0;
			defaultConfigurationName = Release;
		};
		69FFA2DC22FA68EA00C778F7 /* Build configuration list for PBXNativeTarget "CanephoraMenu" */ = {
			isa = XCConfigurationList;
			buildConfigurations = (
				69FFA2DD22FA68EA00C778F7 /* Debug */,
				69FFA2DE22FA68EA00C778F7 /* Release */,
			);
			defaultConfigurationIsVisible = 0;
			defaultConfigurationName = Release;
		};
/* End XCConfigurationList section */

/* Begin XCVersionGroup section */
		69FFA2D122FA68E900C778F7 /* CanephoraMenu.xcdatamodeld */ = {
			isa = XCVersionGroup;
			children = (
				69FFA2D222FA68E900C778F7 /* CanephoraMenu.xcdatamodel */,
			);
			currentVersion = 69FFA2D222FA68E900C778F7 /* CanephoraMenu.xcdatamodel */;
			path = CanephoraMenu.xcdatamodeld;
			sourceTree = "<group>";
			versionGroupType = wrapper.xcdatamodel;
		};
/* End XCVersionGroup section */
	};
	rootObject = 69FFA2BF22FA68E900C778F7 /* Project object */;
}
